<?xml version="1.0" encoding="utf-8"?>
<Project ToolsVersion="4.0" xmlns="http://schemas.microsoft.com/developer/msbuild/2003">
  <ItemGroup>
    <Filter Include="99.Defines">
      <UniqueIdentifier>{aa35ed2f-2d92-4aa2-87dc-f26fb070a89a}</UniqueIdentifier>
    </Filter>
    <Filter Include="00.MainApp">
      <UniqueIdentifier>{4c70cc7f-a980-4772-85f7-9cb10ddb9bbf}</UniqueIdentifier>
    </Filter>
    <Filter Include="01.Levels">
      <UniqueIdentifier>{844764ed-752f-4f1a-b0d0-41c6de18c5ab}</UniqueIdentifier>
    </Filter>
    <Filter Include="01.Levels\Logo">
      <UniqueIdentifier>{76111701-8bc7-4f8a-bb3d-3ebdee1886ff}</UniqueIdentifier>
    </Filter>
    <Filter Include="01.Levels\Gameplay">
      <UniqueIdentifier>{a57e0311-1b60-4cd5-a948-b1205a53a2b0}</UniqueIdentifier>
    </Filter>
    <Filter Include="02.GameObjects">
      <UniqueIdentifier>{50430c44-e69b-4594-a751-cb27d3834ea4}</UniqueIdentifier>
    </Filter>
    <Filter Include="02.GameObjects\BackGround">
      <UniqueIdentifier>{1dd5c5d4-cc80-48b8-b8a2-8c25fe2c5361}</UniqueIdentifier>
    </Filter>
    <Filter Include="02.GameObjects\Camera">
      <UniqueIdentifier>{9e295d38-b9e5-4ee1-8042-c54ed44539d9}</UniqueIdentifier>
    </Filter>
    <Filter Include="02.GameObjects\Terrain">
      <UniqueIdentifier>{54b7a8ab-69a7-4ce7-9671-37f6680f90c5}</UniqueIdentifier>
    </Filter>
    <Filter Include="02.GameObjects\Monster">
      <UniqueIdentifier>{9ecd6a7a-b57c-4bf7-8ec0-6475d3c58ddb}</UniqueIdentifier>
    </Filter>
    <Filter Include="02.GameObjects\Sky">
      <UniqueIdentifier>{a0c4209e-6e1c-405f-86ac-aed8eda70026}</UniqueIdentifier>
    </Filter>
    <Filter Include="02.GameObjects\Effect">
      <UniqueIdentifier>{af38a2a6-7b75-4f3f-9696-df037f43253b}</UniqueIdentifier>
    </Filter>
    <Filter Include="02.GameObjects\UI">
      <UniqueIdentifier>{ba81d2a5-c33a-4436-ae51-1f76e6d7bedb}</UniqueIdentifier>
    </Filter>
    <Filter Include="02.GameObjects\UI\UIBullets">
      <UniqueIdentifier>{b2778655-5315-423d-9581-bda67c628166}</UniqueIdentifier>
    </Filter>
    <Filter Include="02.GameObjects\UI\UIText">
      <UniqueIdentifier>{f2aef345-cb8f-4925-8661-f95e7fbad457}</UniqueIdentifier>
    </Filter>
    <Filter Include="02.GameObjects\UI\UIHp">
      <UniqueIdentifier>{d30c38d3-a5e0-49e5-a64c-03680cbd8dbd}</UniqueIdentifier>
    </Filter>
    <Filter Include="02.GameObjects\UI\UIInteraction">
      <UniqueIdentifier>{15499bef-d39d-4bad-bb72-3a62a7dec1d2}</UniqueIdentifier>
    </Filter>
    <Filter Include="02.GameObjects\UI\UIFont">
      <UniqueIdentifier>{d0bdf7b4-40b9-43f2-878c-1acdb601b7e2}</UniqueIdentifier>
    </Filter>
    <Filter Include="02.GameObjects\CubeObject">
      <UniqueIdentifier>{eeb56b9a-d74f-4cce-925d-8561e01fae5f}</UniqueIdentifier>
    </Filter>
    <Filter Include="02.GameObjects\UI\UIAim">
      <UniqueIdentifier>{e8e41816-d597-40f2-adc6-20c257ef6940}</UniqueIdentifier>
    </Filter>
    <Filter Include="02.GameObjects\Bullet">
      <UniqueIdentifier>{3050aedd-db94-46b6-9d3d-db15797f109d}</UniqueIdentifier>
    </Filter>
    <Filter Include="02.GameObjects\Item">
      <UniqueIdentifier>{a4a9212a-30c1-4320-8b70-da1cdbf22e59}</UniqueIdentifier>
    </Filter>
    <Filter Include="02.GameObjects\Item\ItemArmor">
      <UniqueIdentifier>{d2d7d8ed-e494-4def-b127-8a8ebb2a844b}</UniqueIdentifier>
    </Filter>
    <Filter Include="02.GameObjects\UI\UIArmor">
      <UniqueIdentifier>{95f9bb18-d33f-4cb4-ad33-68d9d8f30be9}</UniqueIdentifier>
    </Filter>
    <Filter Include="02.GameObjects\Item\ItemHealpack">
      <UniqueIdentifier>{50880e45-07e6-4c6a-8b6d-d54276bffa13}</UniqueIdentifier>
    </Filter>
    <Filter Include="02.GameObjects\Monster\BehaviorTree">
      <UniqueIdentifier>{31f75f59-c90a-49cb-bc56-c1160a97b071}</UniqueIdentifier>
    </Filter>
    <Filter Include="98.Default">
      <UniqueIdentifier>{f37c9b44-d000-4dd3-a7dc-d0a7064abf65}</UniqueIdentifier>
    </Filter>
    <Filter Include="02.GameObjects\Item\ItemPistolBullet">
      <UniqueIdentifier>{341d6a9c-e778-479a-9e57-7cdef3c38e3b}</UniqueIdentifier>
    </Filter>
    <Filter Include="02.GameObjects\Item\ItemShootGunBullet">
      <UniqueIdentifier>{9009bf44-38d5-46c3-a834-86f17649999f}</UniqueIdentifier>
    </Filter>
    <Filter Include="02.GameObjects\UI\UIItemQueue">
      <UniqueIdentifier>{53d287c7-1ef6-4fe5-b461-8b2067fbf25f}</UniqueIdentifier>
    </Filter>
    <Filter Include="01.Levels\Loading">
      <UniqueIdentifier>{0b1f8540-2f12-48a9-b0af-f0c951fc6e52}</UniqueIdentifier>
    </Filter>
    <Filter Include="01.Levels\Loading\Loader">
      <UniqueIdentifier>{e059409c-2c15-4cce-9e90-c868051debd5}</UniqueIdentifier>
    </Filter>
    <Filter Include="02.GameObjects\Terrain\Mananger">
      <UniqueIdentifier>{0e535393-0b40-49a9-84aa-e7035e924402}</UniqueIdentifier>
    </Filter>
    <Filter Include="02.GameObjects\Player">
      <UniqueIdentifier>{704f75c8-f626-4c7b-aff3-fbd9102c05f9}</UniqueIdentifier>
    </Filter>
    <Filter Include="02.GameObjects\Monster\Melee">
      <UniqueIdentifier>{69794553-4677-457c-b4d3-6c02b68febe8}</UniqueIdentifier>
    </Filter>
    <Filter Include="02.GameObjects\Monster\Range">
      <UniqueIdentifier>{7101d18f-77b1-4167-84f4-cca17bf2a3ee}</UniqueIdentifier>
    </Filter>
    <Filter Include="02.GameObjects\Monster\Melee\Attack">
      <UniqueIdentifier>{73ce83fd-65ee-47b9-9a1b-16e041f00828}</UniqueIdentifier>
    </Filter>
    <Filter Include="02.GameObjects\Monster\Boss">
      <UniqueIdentifier>{5c706583-e0a5-49b2-9a1a-1fe76cb935af}</UniqueIdentifier>
    </Filter>
    <Filter Include="02.GameObjects\Player\Player_RightHand">
      <UniqueIdentifier>{6b2efc96-1da8-47e3-a7fa-8fdb2ab53f72}</UniqueIdentifier>
    </Filter>
    <Filter Include="02.GameObjects\Player\Player_LeftHand">
      <UniqueIdentifier>{7cf1f759-1b70-45a3-9c37-83c16fc264b7}</UniqueIdentifier>
    </Filter>
    <Filter Include="02.GameObjects\Item\ItemCardKey">
      <UniqueIdentifier>{ad5886e9-80fc-4808-83eb-0699b66c1ff6}</UniqueIdentifier>
    </Filter>
    <Filter Include="02.GameObjects\UI\UICardKey">
      <UniqueIdentifier>{46f9d836-92e4-4aa3-a936-dab18cc795e2}</UniqueIdentifier>
    </Filter>
    <Filter Include="03.MapObjects">
      <UniqueIdentifier>{3aa50a7e-3b43-4d8f-bc15-21b0e74ad4af}</UniqueIdentifier>
    </Filter>
    <Filter Include="04.InteractionObjects">
      <UniqueIdentifier>{aba116f7-762b-4702-b8ec-87fdb67d761f}</UniqueIdentifier>
    </Filter>
    <Filter Include="04.InteractionObjects\DoorLock">
      <UniqueIdentifier>{2f2d6cc5-5307-43a5-ab19-f4178aab6619}</UniqueIdentifier>
    </Filter>
    <Filter Include="03.MapObjects\Gate">
      <UniqueIdentifier>{f5020bd1-497f-4a2c-ac2d-6612ea355dfc}</UniqueIdentifier>
    </Filter>
    <Filter Include="02.GameObjects\Effect\Manager">
      <UniqueIdentifier>{451c6610-b982-494e-9e26-90dab13e5c03}</UniqueIdentifier>
    </Filter>
    <Filter Include="02.GameObjects\Effect\Pistol_Fire">
      <UniqueIdentifier>{fb6311fa-4a8b-46b7-b5d7-5d5039af8e05}</UniqueIdentifier>
    </Filter>
    <Filter Include="03.MapObjects\Building">
      <UniqueIdentifier>{7d1f9048-b76b-407f-bf55-798883f03eb1}</UniqueIdentifier>
    </Filter>
    <Filter Include="03.MapObjects\Wall">
      <UniqueIdentifier>{bd1ef4e0-00cf-4e6b-a2bb-ec0741b84c92}</UniqueIdentifier>
    </Filter>
    <Filter Include="03.MapObjects\Box">
      <UniqueIdentifier>{47149285-d4ad-4e5a-ba70-96b8bf247d40}</UniqueIdentifier>
    </Filter>
    <Filter Include="02.GameObjects\Particle">
      <UniqueIdentifier>{5aceb304-8663-4303-b9ce-4b821f11eb75}</UniqueIdentifier>
    </Filter>
    <Filter Include="02.GameObjects\Particle\Snow">
      <UniqueIdentifier>{b81ed9fc-985d-4268-8908-f85306abdf38}</UniqueIdentifier>
    </Filter>
    <Filter Include="02.GameObjects\Particle\Blood">
      <UniqueIdentifier>{0dce053b-43bf-44d5-83d3-2cff1d03f3be}</UniqueIdentifier>
    </Filter>
    <Filter Include="02.GameObjects\Particle\Manager">
      <UniqueIdentifier>{9d36ff8e-011f-4588-9b03-9ee6dc16a55e}</UniqueIdentifier>
    </Filter>
    <Filter Include="03.MapObjects\Desk">
      <UniqueIdentifier>{a29e7e24-0b16-4f88-b217-d4529a9a17b7}</UniqueIdentifier>
    </Filter>
    <Filter Include="03.MapObjects\Deco">
      <UniqueIdentifier>{c3324fcf-ea37-4e00-955d-ee720e4786bc}</UniqueIdentifier>
    </Filter>
    <Filter Include="03.MapObjects\Grinder">
      <UniqueIdentifier>{9d8537da-c683-4836-b0af-2c92aa3569a5}</UniqueIdentifier>
    </Filter>
    <Filter Include="03.MapObjects\Fan">
      <UniqueIdentifier>{eb9c2bcb-63f7-4e30-907c-97c7ed58c5fa}</UniqueIdentifier>
    </Filter>
    <Filter Include="02.GameObjects\Bullet\Manager">
      <UniqueIdentifier>{77ae257b-8ce3-43a6-bd52-377e5abf2b10}</UniqueIdentifier>
    </Filter>
    <Filter Include="03.MapObjects\Slope">
      <UniqueIdentifier>{db4d4ba6-f9cb-4290-a8ae-e51032a19c36}</UniqueIdentifier>
    </Filter>
    <Filter Include="03.MapObjects\Elevator">
      <UniqueIdentifier>{a8d1231f-a482-41cb-8344-42036615863e}</UniqueIdentifier>
    </Filter>
    <Filter Include="04.InteractionObjects\Lever">
      <UniqueIdentifier>{468d84a8-ef7a-48b1-9e2c-98cbe02ced61}</UniqueIdentifier>
    </Filter>
    <Filter Include="05.FileMgr">
      <UniqueIdentifier>{33fb8857-bc71-4a1b-b379-08ac4004da97}</UniqueIdentifier>
    </Filter>
    <Filter Include="03.MapObjects\TrashBox">
      <UniqueIdentifier>{8cbeaa4a-2cf4-4202-b75b-37fd845f37da}</UniqueIdentifier>
    </Filter>
    <Filter Include="03.MapObjects\ContainerBox">
      <UniqueIdentifier>{c0027bf5-6103-4201-8387-3ea73dc1ab32}</UniqueIdentifier>
    </Filter>
    <Filter Include="03.MapObjects\MachineGunBulletBox">
      <UniqueIdentifier>{741e9160-c26d-4186-a087-5fe64d60fa9b}</UniqueIdentifier>
    </Filter>
    <Filter Include="01.Levels\BossFight">
      <UniqueIdentifier>{332ec638-154a-4e3f-b0a8-167f4ee1a9f5}</UniqueIdentifier>
    </Filter>
    <Filter Include="02.GameObjects\Item\ItemShootGun">
      <UniqueIdentifier>{776355bc-d0b6-488e-80a3-edc1df06660b}</UniqueIdentifier>
    </Filter>
    <Filter Include="02.GameObjects\Item\ItemMachineGun">
      <UniqueIdentifier>{3bc8d8fd-58c6-4421-bb10-9db4426c49ad}</UniqueIdentifier>
    </Filter>
    <Filter Include="02.GameObjects\Particle\YellowDust">
      <UniqueIdentifier>{d53c7e74-b51e-46b2-aec0-834dc23aebf1}</UniqueIdentifier>
    </Filter>
    <Filter Include="02.GameObjects\Effect\Bullet_Wound">
      <UniqueIdentifier>{08ac39b3-eb1b-4888-9f36-ed6bce1e49c0}</UniqueIdentifier>
    </Filter>
  </ItemGroup>
  <ItemGroup>
    <ClInclude Include="Client.h">
      <Filter>98.Default</Filter>
    </ClInclude>
    <ClInclude Include="framework.h">
      <Filter>98.Default</Filter>
    </ClInclude>
    <ClInclude Include="Resource.h">
      <Filter>98.Default</Filter>
    </ClInclude>
    <ClInclude Include="targetver.h">
      <Filter>98.Default</Filter>
    </ClInclude>
    <ClInclude Include="..\Public\Client_Defines.h">
      <Filter>99.Defines</Filter>
    </ClInclude>
    <ClInclude Include="..\public\MainApp.h">
      <Filter>00.MainApp</Filter>
    </ClInclude>
    <ClInclude Include="..\public\Level_Logo.h">
      <Filter>01.Levels\Logo</Filter>
    </ClInclude>
    <ClInclude Include="..\Public\Level_Loading.h">
      <Filter>01.Levels\Loading</Filter>
    </ClInclude>
    <ClInclude Include="..\Public\Level_GamePlay.h">
      <Filter>01.Levels\Gameplay</Filter>
    </ClInclude>
    <ClInclude Include="..\public\Loader.h">
      <Filter>01.Levels\Loading\Loader</Filter>
    </ClInclude>
    <ClInclude Include="..\public\BackGround.h">
      <Filter>02.GameObjects\BackGround</Filter>
    </ClInclude>
    <ClInclude Include="..\public\Camera.h">
      <Filter>02.GameObjects\Camera</Filter>
    </ClInclude>
    <ClInclude Include="..\public\Terrain.h">
      <Filter>02.GameObjects\Terrain</Filter>
    </ClInclude>
    <ClInclude Include="..\Public\Player.h">
      <Filter>02.GameObjects\Player</Filter>
    </ClInclude>
    <ClInclude Include="..\Public\Monster.h">
      <Filter>02.GameObjects\Monster</Filter>
    </ClInclude>
    <ClInclude Include="..\Public\Sky.h">
      <Filter>02.GameObjects\Sky</Filter>
    </ClInclude>
    <ClInclude Include="..\Public\Effect.h">
      <Filter>02.GameObjects\Effect</Filter>
    </ClInclude>
    <ClInclude Include="..\Public\Player_RightHand.h">
      <Filter>02.GameObjects\Player\Player_RightHand</Filter>
    </ClInclude>
    <ClInclude Include="..\Public\UIInteraction.h">
      <Filter>02.GameObjects\UI\UIInteraction</Filter>
    </ClInclude>
    <ClInclude Include="..\Public\UIHp.h">
      <Filter>02.GameObjects\UI\UIHp</Filter>
    </ClInclude>
    <ClInclude Include="..\Public\UIText.h">
      <Filter>02.GameObjects\UI\UIText</Filter>
    </ClInclude>
    <ClInclude Include="..\Public\UIFont.h">
      <Filter>02.GameObjects\UI\UIFont</Filter>
    </ClInclude>
    <ClInclude Include="..\Public\UIBullets.h">
      <Filter>02.GameObjects\UI\UIBullets</Filter>
    </ClInclude>
    <ClInclude Include="..\Public\CubeObject.h">
      <Filter>02.GameObjects\CubeObject</Filter>
    </ClInclude>
    <ClInclude Include="..\Public\Bullet.h">
      <Filter>02.GameObjects\Bullet</Filter>
    </ClInclude>
    <ClInclude Include="..\public\Item.h">
      <Filter>02.GameObjects\Item</Filter>
    </ClInclude>
    <ClInclude Include="..\public\ItemArmor.h">
      <Filter>02.GameObjects\Item\ItemArmor</Filter>
    </ClInclude>
    <ClInclude Include="..\public\UIArmor.h">
      <Filter>02.GameObjects\UI\UIArmor</Filter>
    </ClInclude>
    <ClInclude Include="..\public\ItemHealpack.h">
      <Filter>02.GameObjects\Item\ItemHealpack</Filter>
    </ClInclude>
    <ClInclude Include="..\Public\BehaviorNode.h">
      <Filter>02.GameObjects\Monster\BehaviorTree</Filter>
    </ClInclude>
    <ClInclude Include="..\public\UIAim.h">
      <Filter>02.GameObjects\UI\UIAim</Filter>
    </ClInclude>
    <ClInclude Include="..\public\ItemPistolBullet.h">
      <Filter>02.GameObjects\Item\ItemPistolBullet</Filter>
    </ClInclude>
    <ClInclude Include="..\public\ItemShootGunBullet.h">
      <Filter>02.GameObjects\Item\ItemShootGunBullet</Filter>
    </ClInclude>
    <ClInclude Include="..\public\UIItemQueue.h">
      <Filter>02.GameObjects\UI\UIItemQueue</Filter>
    </ClInclude>
    <ClInclude Include="..\public\UIAim.h">
      <Filter>02.GameObjects\UI\UIAim</Filter>
    </ClInclude>
    <ClInclude Include="..\Public\Terrain_Manager.h">
      <Filter>02.GameObjects\Terrain\Mananger</Filter>
    </ClInclude>
    <ClInclude Include="..\public\UIAim.h">
      <Filter>02.GameObjects\UI\UIAim</Filter>
    </ClInclude>
    <ClInclude Include="..\Public\Soldier.h">
      <Filter>02.GameObjects\Monster\Range</Filter>
    </ClInclude>
    <ClInclude Include="..\public\Zombie.h">
      <Filter>02.GameObjects\Monster\Melee</Filter>
    </ClInclude>
    <ClInclude Include="..\Public\MeleeAttack.h">
      <Filter>02.GameObjects\Monster\Melee\Attack</Filter>
    </ClInclude>
    <ClInclude Include="..\Public\Boss.h">
      <Filter>02.GameObjects\Monster\Boss</Filter>
    </ClInclude>
    <ClInclude Include="..\public\Player_LeftHand.h">
      <Filter>02.GameObjects\Player\Player_LeftHand</Filter>
    </ClInclude>
    <ClInclude Include="..\public\ItemCardKey.h">
      <Filter>02.GameObjects\Item\ItemCardKey</Filter>
    </ClInclude>
    <ClInclude Include="..\public\UICardKey.h">
      <Filter>02.GameObjects\UI\UICardKey</Filter>
    </ClInclude>
    <ClInclude Include="..\public\DoorLock.h">
      <Filter>04.InteractionObjects\DoorLock</Filter>
    </ClInclude>
    <ClInclude Include="..\public\MapGate.h">
      <Filter>03.MapObjects\Gate</Filter>
    </ClInclude>
    <ClInclude Include="..\Public\BossGrenade.h">
      <Filter>02.GameObjects\Bullet</Filter>
    </ClInclude>
    <ClInclude Include="..\Public\Effect_Manager.h">
      <Filter>02.GameObjects\Effect\Manager</Filter>
    </ClInclude>
    <ClInclude Include="..\public\MapBuilding.h">
      <Filter>03.MapObjects\Building</Filter>
    </ClInclude>
    <ClInclude Include="..\Public\MapWall.h">
      <Filter>03.MapObjects\Wall</Filter>
    </ClInclude>
    <ClInclude Include="..\public\MapBox.h">
      <Filter>03.MapObjects\Box</Filter>
    </ClInclude>
    <ClInclude Include="..\public\MapContainerBox.h">
      <Filter>03.MapObjects\ContainerBox</Filter>
    </ClInclude>
    <ClInclude Include="..\Public\Spider.h">
      <Filter>02.GameObjects\Monster\Melee</Filter>
    </ClInclude>
    <ClInclude Include="..\Public\Spider.h">
      <Filter>02.GameObjects\Monster\Melee</Filter>
    </ClInclude>
    <ClInclude Include="..\Public\Spider.h">
      <Filter>02.GameObjects\Monster\Melee</Filter>
    </ClInclude>
    <ClInclude Include="..\Public\EliteSoldier.h">
      <Filter>02.GameObjects\Monster\Range</Filter>
    </ClInclude>
    <ClInclude Include="..\Public\Snow.h">
      <Filter>02.GameObjects\Particle\Snow</Filter>
    </ClInclude>
    <ClInclude Include="..\Public\Blood.h">
      <Filter>02.GameObjects\Particle\Blood</Filter>
    </ClInclude>
    <ClInclude Include="..\Public\Particle_Manager.h">
      <Filter>02.GameObjects\Particle\Manager</Filter>
    </ClInclude>
    <ClInclude Include="..\public\MapDesk.h">
      <Filter>03.MapObjects\Desk</Filter>
    </ClInclude>
    <ClInclude Include="..\public\MapDeco.h">
      <Filter>03.MapObjects\Deco</Filter>
    </ClInclude>
    <ClInclude Include="..\public\MapGrinder.h">
      <Filter>03.MapObjects\Grinder</Filter>
    </ClInclude>
    <ClInclude Include="..\public\MapFan.h">
      <Filter>03.MapObjects\Fan</Filter>
    </ClInclude>
    <ClInclude Include="..\Public\Bullet_Manager.h">
      <Filter>02.GameObjects\Bullet\Manager</Filter>
    </ClInclude>
    <ClInclude Include="..\Public\Effect_Pistol_Fire.h">
      <Filter>02.GameObjects\Effect\Pistol_Fire</Filter>
    </ClInclude>
    <ClInclude Include="..\public\MapSlope.h">
      <Filter>03.MapObjects\Slope</Filter>
    </ClInclude>
    <ClInclude Include="..\public\MapElevator.h">
      <Filter>03.MapObjects\Elevator</Filter>
    </ClInclude>
    <ClInclude Include="..\public\Lever.h">
      <Filter>04.InteractionObjects\Lever</Filter>
    </ClInclude>
    <ClInclude Include="..\Public\BossLowerBody.h">
      <Filter>02.GameObjects\Monster\Boss</Filter>
    </ClInclude>
    <ClInclude Include="..\Public\BossUpperBody.h">
      <Filter>02.GameObjects\Monster\Boss</Filter>
    </ClInclude>
    <ClInclude Include="..\Public\CFile_Manager.h">
      <Filter>05.FileMgr</Filter>
    </ClInclude>
    <ClInclude Include="..\Public\MapTrashBox.h">
      <Filter>03.MapObjects\TrashBox</Filter>
    </ClInclude>
    <ClInclude Include="..\public\Spawner.h">
      <Filter>02.GameObjects\Monster\Boss</Filter>
    </ClInclude>
    <ClInclude Include="..\public\MapMachineGunBulletBox.h">
      <Filter>03.MapObjects\MachineGunBulletBox</Filter>
    </ClInclude>
    <ClInclude Include="..\public\Level_BossFight.h">
      <Filter>01.Levels\BossFight</Filter>
    </ClInclude>
    <ClInclude Include="..\Public\ItemShootGun.h">
      <Filter>02.GameObjects\Item\ItemShootGun</Filter>
    </ClInclude>
    <ClInclude Include="..\Public\ItemMachineGun.h">
      <Filter>02.GameObjects\Item\ItemMachineGun</Filter>
    </ClInclude>
    <ClInclude Include="..\Public\YellowDust.h">
      <Filter>02.GameObjects\Particle\YellowDust</Filter>
    </ClInclude>
    <ClInclude Include="..\public\BossUpperFly.h">
      <Filter>02.GameObjects\Monster\Boss</Filter>
    </ClInclude>
    <ClInclude Include="..\Public\Bullet_Wound.h">
      <Filter>02.GameObjects\Effect\Bullet_Wound</Filter>
    </ClInclude>
  </ItemGroup>
  <ItemGroup>
    <Image Include="Client.ico">
      <Filter>98.Default</Filter>
    </Image>
    <Image Include="small.ico">
      <Filter>98.Default</Filter>
    </Image>
  </ItemGroup>
  <ItemGroup>
    <ResourceCompile Include="Client.rc">
      <Filter>98.Default</Filter>
    </ResourceCompile>
  </ItemGroup>
  <ItemGroup>
    <ClCompile Include="Client.cpp">
      <Filter>98.Default</Filter>
    </ClCompile>
    <ClCompile Include="..\private\MainApp.cpp">
      <Filter>00.MainApp</Filter>
    </ClCompile>
    <ClCompile Include="..\private\Level_Logo.cpp">
      <Filter>01.Levels\Logo</Filter>
    </ClCompile>
    <ClCompile Include="..\Private\Level_Loading.cpp">
      <Filter>01.Levels\Loading</Filter>
    </ClCompile>
    <ClCompile Include="..\Private\Level_GamePlay.cpp">
      <Filter>01.Levels\Gameplay</Filter>
    </ClCompile>
    <ClCompile Include="..\private\Loader.cpp">
      <Filter>01.Levels\Loading\Loader</Filter>
    </ClCompile>
    <ClCompile Include="..\private\BackGround.cpp">
      <Filter>02.GameObjects\BackGround</Filter>
    </ClCompile>
    <ClCompile Include="..\private\Camera.cpp">
      <Filter>02.GameObjects\Camera</Filter>
    </ClCompile>
    <ClCompile Include="..\private\Terrain.cpp">
      <Filter>02.GameObjects\Terrain</Filter>
    </ClCompile>
    <ClCompile Include="..\Private\Player.cpp">
      <Filter>02.GameObjects\Player</Filter>
    </ClCompile>
    <ClCompile Include="..\Private\Monster.cpp">
      <Filter>02.GameObjects\Monster</Filter>
    </ClCompile>
    <ClCompile Include="..\Private\Sky.cpp">
      <Filter>02.GameObjects\Sky</Filter>
    </ClCompile>
    <ClCompile Include="..\Private\Effect.cpp">
      <Filter>02.GameObjects\Effect</Filter>
    </ClCompile>
    <ClCompile Include="..\Private\Player_RightHand.cpp">
      <Filter>02.GameObjects\Player\Player_RightHand</Filter>
    </ClCompile>
    <ClCompile Include="..\Private\UIInteraction.cpp">
      <Filter>02.GameObjects\UI\UIInteraction</Filter>
    </ClCompile>
    <ClCompile Include="..\Private\UIBullets.cpp">
      <Filter>02.GameObjects\UI\UIBullets</Filter>
    </ClCompile>
    <ClCompile Include="..\Private\UIFont.cpp">
      <Filter>02.GameObjects\UI\UIFont</Filter>
    </ClCompile>
    <ClCompile Include="..\Private\UIHp.cpp">
      <Filter>02.GameObjects\UI\UIHp</Filter>
    </ClCompile>
    <ClCompile Include="..\Private\UIText.cpp">
      <Filter>02.GameObjects\UI\UIText</Filter>
    </ClCompile>
    <ClCompile Include="..\Private\CubeObject.cpp">
      <Filter>02.GameObjects\CubeObject</Filter>
    </ClCompile>
    <ClCompile Include="..\private\UIAim.cpp">
      <Filter>02.GameObjects\UI\UIAim</Filter>
    </ClCompile>
    <ClCompile Include="..\Private\Bullet.cpp">
      <Filter>02.GameObjects\Bullet</Filter>
    </ClCompile>
    <ClCompile Include="..\private\Item.cpp">
      <Filter>02.GameObjects\Item</Filter>
    </ClCompile>
    <ClCompile Include="..\private\ItemArmor.cpp">
      <Filter>02.GameObjects\Item\ItemArmor</Filter>
    </ClCompile>
    <ClCompile Include="..\private\UIArmor.cpp">
      <Filter>02.GameObjects\UI\UIArmor</Filter>
    </ClCompile>
    <ClCompile Include="..\private\ItemHealpack.cpp">
      <Filter>02.GameObjects\Item\ItemHealpack</Filter>
    </ClCompile>
    <ClCompile Include="..\Private\BehaviorNode.cpp">
      <Filter>02.GameObjects\Monster\BehaviorTree</Filter>
    </ClCompile>
    <ClCompile Include="..\private\ItemPistolBullet.cpp">
      <Filter>02.GameObjects\Item\ItemPistolBullet</Filter>
    </ClCompile>
    <ClCompile Include="..\private\ItemShootGunBullet.cpp">
      <Filter>02.GameObjects\Item\ItemShootGunBullet</Filter>
    </ClCompile>
    <ClCompile Include="..\private\UIItemQueue.cpp">
      <Filter>02.GameObjects\UI\UIItemQueue</Filter>
    </ClCompile>
    <ClCompile Include="..\Private\Terrain_Manager.cpp">
      <Filter>02.GameObjects\Terrain\Mananger</Filter>
    </ClCompile>
    <ClCompile Include="..\Private\Soldier.cpp">
      <Filter>02.GameObjects\Monster\Range</Filter>
    </ClCompile>
    <ClCompile Include="..\private\Zombie.cpp">
      <Filter>02.GameObjects\Monster\Melee</Filter>
    </ClCompile>
    <ClCompile Include="..\Private\Melee_Attack.cpp">
      <Filter>02.GameObjects\Monster\Melee\Attack</Filter>
    </ClCompile>
    <ClCompile Include="..\Private\Boss.cpp">
      <Filter>02.GameObjects\Monster\Boss</Filter>
    </ClCompile>
    <ClCompile Include="..\private\Player_LeftHand.cpp">
      <Filter>02.GameObjects\Player\Player_LeftHand</Filter>
    </ClCompile>
    <ClCompile Include="..\private\ItemCardKey.cpp">
      <Filter>02.GameObjects\Item\ItemCardKey</Filter>
    </ClCompile>
    <ClCompile Include="..\private\UICardKey.cpp">
      <Filter>02.GameObjects\UI\UICardKey</Filter>
    </ClCompile>
    <ClCompile Include="..\private\DoorLock.cpp">
      <Filter>04.InteractionObjects\DoorLock</Filter>
    </ClCompile>
    <ClCompile Include="..\private\MapGate.cpp">
      <Filter>03.MapObjects\Gate</Filter>
    </ClCompile>
    <ClCompile Include="..\Private\BossGrenade.cpp">
      <Filter>02.GameObjects\Bullet</Filter>
    </ClCompile>
    <ClCompile Include="..\Private\Effect_Manager.cpp">
      <Filter>02.GameObjects\Effect\Manager</Filter>
    </ClCompile>
    <ClCompile Include="..\private\MapBuilding.cpp">
      <Filter>03.MapObjects\Building</Filter>
    </ClCompile>
    <ClCompile Include="..\Private\MapWall.cpp">
      <Filter>03.MapObjects\Wall</Filter>
    </ClCompile>
    <ClCompile Include="..\private\MapBox.cpp">
      <Filter>03.MapObjects\Box</Filter>
    </ClCompile>
    <ClCompile Include="..\private\MapContainerBox.cpp">
      <Filter>03.MapObjects\ContainerBox</Filter>
    </ClCompile>
    <ClCompile Include="..\Private\Spider.cpp">
      <Filter>02.GameObjects\Monster\Melee</Filter>
    </ClCompile>
    <ClCompile Include="..\Private\Spider.cpp">
      <Filter>02.GameObjects\Monster\Melee</Filter>
    </ClCompile>
    <ClCompile Include="..\Private\Spider.cpp">
      <Filter>02.GameObjects\Monster\Melee</Filter>
    </ClCompile>
    <ClCompile Include="..\Private\EliteSoldier.cpp">
      <Filter>02.GameObjects\Monster\Range</Filter>
    </ClCompile>
    <ClCompile Include="..\Private\Snow.cpp">
      <Filter>02.GameObjects\Particle\Snow</Filter>
    </ClCompile>
    <ClCompile Include="..\Private\Blood.cpp">
      <Filter>02.GameObjects\Particle\Blood</Filter>
    </ClCompile>
    <ClCompile Include="..\Private\Particle_Manager.cpp">
      <Filter>02.GameObjects\Particle\Manager</Filter>
    </ClCompile>
    <ClCompile Include="..\private\MapDesk.cpp">
      <Filter>03.MapObjects\Desk</Filter>
    </ClCompile>
    <ClCompile Include="..\private\MapDeco.cpp">
      <Filter>03.MapObjects\Deco</Filter>
    </ClCompile>
    <ClCompile Include="..\private\MapGrinder.cpp">
      <Filter>03.MapObjects\Grinder</Filter>
    </ClCompile>
    <ClCompile Include="..\private\MapFan.cpp">
      <Filter>03.MapObjects\Fan</Filter>
    </ClCompile>
    <ClCompile Include="..\Private\Bullet_Manager.cpp">
      <Filter>02.GameObjects\Bullet\Manager</Filter>
    </ClCompile>
    <ClCompile Include="..\Private\Effect_Pistol_Fire.cpp">
      <Filter>02.GameObjects\Effect\Pistol_Fire</Filter>
    </ClCompile>
    <ClCompile Include="..\private\MapSlope.cpp">
      <Filter>03.MapObjects\Slope</Filter>
    </ClCompile>
    <ClCompile Include="..\private\MapElevator.cpp">
      <Filter>03.MapObjects\Elevator</Filter>
    </ClCompile>
    <ClCompile Include="..\private\Lever.cpp">
      <Filter>04.InteractionObjects\Lever</Filter>
    </ClCompile>
    <ClCompile Include="..\Private\BossLowerBody.cpp">
      <Filter>02.GameObjects\Monster\Boss</Filter>
    </ClCompile>
    <ClCompile Include="..\Private\BossUpperBody.cpp">
      <Filter>02.GameObjects\Monster\Boss</Filter>
    </ClCompile>
    <ClCompile Include="..\Private\CFile_Manager.cpp">
      <Filter>05.FileMgr</Filter>
    </ClCompile>
    <ClCompile Include="..\Private\MapTrashBox.cpp">
      <Filter>03.MapObjects\TrashBox</Filter>
    </ClCompile>
    <ClCompile Include="..\private\Spawner.cpp">
      <Filter>02.GameObjects\Monster\Boss</Filter>
    </ClCompile>
    <ClCompile Include="..\private\MapMachineGunBulletBox.cpp">
      <Filter>03.MapObjects\MachineGunBulletBox</Filter>
    </ClCompile>
    <ClCompile Include="..\private\Level_BossFight.cpp">
      <Filter>01.Levels\BossFight</Filter>
    </ClCompile>
    <ClCompile Include="..\Private\ItemShootGun.cpp">
      <Filter>02.GameObjects\Item\ItemShootGun</Filter>
    </ClCompile>
    <ClCompile Include="..\Private\ItemMachineGun.cpp">
      <Filter>02.GameObjects\Item\ItemMachineGun</Filter>
    </ClCompile>
    <ClCompile Include="..\Private\YellowDust.cpp">
      <Filter>02.GameObjects\Particle\YellowDust</Filter>
    </ClCompile>
    <ClCompile Include="..\private\BossUpperFly.cpp">
      <Filter>02.GameObjects\Monster\Boss</Filter>
    </ClCompile>
    <ClCompile Include="..\Private\Bullet_Wound.cpp">
      <Filter>02.GameObjects\Effect\Bullet_Wound</Filter>
    </ClCompile>
  </ItemGroup>
</Project>